// !$*UTF8*$!
{
	archiveVersion = 1;
	classes = {
	};
	objectVersion = 46;
	objects = {

/* Begin PBXBuildFile section */
		D2A640AB1D92B9800089F951 /* AppDelegate.m in Sources */ = {isa = PBXBuildFile; fileRef = D2A640AA1D92B9800089F951 /* AppDelegate.m */; };
		D2A640AE1D92B9800089F951 /* main.m in Sources */ = {isa = PBXBuildFile; fileRef = D2A640AD1D92B9800089F951 /* main.m */; };
		D2A640B01D92B9800089F951 /* Assets.xcassets in Resources */ = {isa = PBXBuildFile; fileRef = D2A640AF1D92B9800089F951 /* Assets.xcassets */; };
		D2A640B31D92B9800089F951 /* MainMenu.xib in Resources */ = {isa = PBXBuildFile; fileRef = D2A640B11D92B9800089F951 /* MainMenu.xib */; };
		D2DBB19E1D92CAC500376016 /* MyViewController.m in Sources */ = {isa = PBXBuildFile; fileRef = D2DBB19D1D92CAC500376016 /* MyViewController.m */; };
		D2DBB1A21D93E1BC00376016 /* BadgeViewController.m in Sources */ = {isa = PBXBuildFile; fileRef = D2DBB1A01D93E1BC00376016 /* BadgeViewController.m */; };
		D2DBB1A31D93E1BC00376016 /* BadgeView.xib in Resources */ = {isa = PBXBuildFile; fileRef = D2DBB1A11D93E1BC00376016 /* BadgeView.xib */; };
/* End PBXBuildFile section */

/* Begin PBXFileReference section */
		D2A640A61D92B9800089F951 /* badge.app */ = {isa = PBXFileReference; explicitFileType = wrapper.application; includeInIndex = 0; path = badge.app; sourceTree = BUILT_PRODUCTS_DIR; };
		D2A640A91D92B9800089F951 /* AppDelegate.h */ = {isa = PBXFileReference; lastKnownFileType = sourcecode.c.h; path = AppDelegate.h; sourceTree = "<group>"; };
		D2A640AA1D92B9800089F951 /* AppDelegate.m */ = {isa = PBXFileReference; lastKnownFileType = sourcecode.c.objc; path = AppDelegate.m; sourceTree = "<group>"; };
		D2A640AD1D92B9800089F951 /* main.m */ = {isa = PBXFileReference; lastKnownFileType = sourcecode.c.objc; path = main.m; sourceTree = "<group>"; };
		D2A640AF1D92B9800089F951 /* Assets.xcassets */ = {isa = PBXFileReference; lastKnownFileType = folder.assetcatalog; path = Assets.xcassets; sourceTree = "<group>"; };
		D2A640B21D92B9800089F951 /* Base */ = {isa = PBXFileReference; lastKnownFileType = file.xib; name = Base; path = Base.lproj/MainMenu.xib; sourceTree = "<group>"; };
		D2A640B41D92B9800089F951 /* Info.plist */ = {isa = PBXFileReference; lastKnownFileType = text.plist.xml; path = Info.plist; sourceTree = "<group>"; };
		D2DBB19C1D92CAC500376016 /* MyViewController.h */ = {isa = PBXFileReference; fileEncoding = 4; lastKnownFileType = sourcecode.c.h; path = MyViewController.h; sourceTree = "<group>"; };
		D2DBB19D1D92CAC500376016 /* MyViewController.m */ = {isa = PBXFileReference; fileEncoding = 4; lastKnownFileType = sourcecode.c.objc; path = MyViewController.m; sourceTree = "<group>"; };
		D2DBB19F1D93E1BC00376016 /* BadgeViewController.h */ = {isa = PBXFileReference; fileEncoding = 4; lastKnownFileType = sourcecode.c.h; path = BadgeViewController.h; sourceTree = "<group>"; };
		D2DBB1A01D93E1BC00376016 /* BadgeViewController.m */ = {isa = PBXFileReference; fileEncoding = 4; lastKnownFileType = sourcecode.c.objc; path = BadgeViewController.m; sourceTree = "<group>"; };
		D2DBB1A11D93E1BC00376016 /* BadgeView.xib */ = {isa = PBXFileReference; fileEncoding = 4; lastKnownFileType = file.xib; path = BadgeView.xib; sourceTree = "<group>"; };
/* End PBXFileReference section */

/* Begin PBXFrameworksBuildPhase section */
		D2A640A31D92B9800089F951 /* Frameworks */ = {
			isa = PBXFrameworksBuildPhase;
			buildActionMask = 2147483647;
			files = (
			);
			runOnlyForDeploymentPostprocessing = 0;
		};
/* End PBXFrameworksBuildPhase section */

/* Begin PBXGroup section */
		D2A6409D1D92B9800089F951 = {
			isa = PBXGroup;
			children = (
				D2A640A81D92B9800089F951 /* badge */,
				D2A640A71D92B9800089F951 /* Products */,
			);
			sourceTree = "<group>";
		};
		D2A640A71D92B9800089F951 /* Products */ = {
			isa = PBXGroup;
			children = (
				D2A640A61D92B9800089F951 /* badge.app */,
			);
			name = Products;
			sourceTree = "<group>";
		};
		D2A640A81D92B9800089F951 /* badge */ = {
			isa = PBXGroup;
			children = (
				D2A640A91D92B9800089F951 /* AppDelegate.h */,
				D2A640AA1D92B9800089F951 /* AppDelegate.m */,
				D2DBB19C1D92CAC500376016 /* MyViewController.h */,
				D2DBB19D1D92CAC500376016 /* MyViewController.m */,
				D2DBB19F1D93E1BC00376016 /* BadgeViewController.h */,
				D2DBB1A01D93E1BC00376016 /* BadgeViewController.m */,
				D2DBB1A11D93E1BC00376016 /* BadgeView.xib */,
				D2A640AF1D92B9800089F951 /* Assets.xcassets */,
				D2A640B11D92B9800089F951 /* MainMenu.xib */,
				D2A640B41D92B9800089F951 /* Info.plist */,
				D2A640AC1D92B9800089F951 /* Supporting Files */,
			);
			path = badge;
			sourceTree = "<group>";
		};
		D2A640AC1D92B9800089F951 /* Supporting Files */ = {
			isa = PBXGroup;
			children = (
				D2A640AD1D92B9800089F951 /* main.m */,
			);
			name = "Supporting Files";
			sourceTree = "<group>";
		};
/* End PBXGroup section */

/* Begin PBXNativeTarget section */
		D2A640A51D92B9800089F951 /* badge */ = {
			isa = PBXNativeTarget;
			buildConfigurationList = D2A640B71D92B9800089F951 /* Build configuration list for PBXNativeTarget "badge" */;
			buildPhases = (
				D2A640A21D92B9800089F951 /* Sources */,
				D2A640A31D92B9800089F951 /* Frameworks */,
				D2A640A41D92B9800089F951 /* Resources */,
			);
			buildRules = (
			);
			dependencies = (
			);
			name = badge;
			productName = badge;
			productReference = D2A640A61D92B9800089F951 /* badge.app */;
			productType = "com.apple.product-type.application";
		};
/* End PBXNativeTarget section */

/* Begin PBXProject section */
		D2A6409E1D92B9800089F951 /* Project object */ = {
			isa = PBXProject;
			attributes = {
				LastUpgradeCheck = 0800;
				ORGANIZATIONNAME = "Marek Hrusovsky";
				TargetAttributes = {
					D2A640A51D92B9800089F951 = {
						CreatedOnToolsVersion = 8.0;
						ProvisioningStyle = Automatic;
					};
				};
			};
			buildConfigurationList = D2A640A11D92B9800089F951 /* Build configuration list for PBXProject "badge" */;
			compatibilityVersion = "Xcode 3.2";
			developmentRegion = English;
			hasScannedForEncodings = 0;
			knownRegions = (
				en,
				Base,
			);
			mainGroup = D2A6409D1D92B9800089F951;
			productRefGroup = D2A640A71D92B9800089F951 /* Products */;
			projectDirPath = "";
			projectRoot = "";
			targets = (
				D2A640A51D92B9800089F951 /* badge */,
			);
		};
/* End PBXProject section */

/* Begin PBXResourcesBuildPhase section */
		D2A640A41D92B9800089F951 /* Resources */ = {
			isa = PBXResourcesBuildPhase;
			buildActionMask = 2147483647;
			files = (
				D2A640B01D92B9800089F951 /* Assets.xcassets in Resources */,
				D2DBB1A31D93E1BC00376016 /* BadgeView.xib in Resources */,
				D2A640B31D92B9800089F951 /* MainMenu.xib in Resources */,
			);
			runOnlyForDeploymentPostprocessing = 0;
		};
/* End PBXResourcesBuildPhase section */

/* Begin PBXSourcesBuildPhase section */
		D2A640A21D92B9800089F951 /* Sources */ = {
			isa = PBXSourcesBuildPhase;
			buildActionMask = 2147483647;
			files = (
				D2DBB19E1D92CAC500376016 /* MyViewController.m in Sources */,
				D2A640AE1D92B9800089F951 /* main.m in Sources */,
				D2DBB1A21D93E1BC00376016 /* BadgeViewController.m in Sources */,
				D2A640AB1D92B9800089F951 /* AppDelegate.m in Sources */,
			);
			runOnlyForDeploymentPostprocessing = 0;
		};
/* End PBXSourcesBuildPhase section */

/* Begin PBXVariantGroup section */
		D2A640B11D92B9800089F951 /* MainMenu.xib */ = {
			isa = PBXVariantGroup;
			children = (
				D2A640B21D92B9800089F951 /* Base */,
			);
			name = MainMenu.xib;
			sourceTree = "<group>";
		};
/* End PBXVariantGroup section */

/* Begin XCBuildConfiguration section */
		D2A640B51D92B9800089F951 /* Debug */ = {
			isa = XCBuildConfiguration;
			buildSettings = {
				ALWAYS_SEARCH_USER_PATHS = NO;
				CLANG_ANALYZER_NONNULL = YES;
				CLANG_CXX_LANGUAGE_STANDARD = "gnu++0x";
				CLANG_CXX_LIBRARY = "libc++";
				CLANG_ENABLE_MODULES = YES;
				CLANG_ENABLE_OBJC_ARC = YES;
				CLANG_WARN_BOOL_CONVERSION = YES;
				CLANG_WARN_CONSTANT_CONVERSION = YES;
				CLANG_WARN_DIRECT_OBJC_ISA_USAGE = YES_ERROR;
				CLANG_WARN_DOCUMENTATION_COMMENTS = YES;
				CLANG_WARN_EMPTY_BODY = YES;
				CLANG_WARN_ENUM_CONVERSION = YES;
				CLANG_WARN_INFINITE_RECURSION = YES;
				CLANG_WARN_INT_CONVERSION = YES;
				CLANG_WARN_OBJC_ROOT_CLASS = YES_ERROR;
				CLANG_WARN_SUSPICIOUS_MOVES = YES;
				CLANG_WARN_UNREACHABLE_CODE = YES;
				CLANG_WARN__DUPLICATE_METHOD_MATCH = YES;
				CODE_SIGN_IDENTITY = "-";
				COPY_PHASE_STRIP = NO;
				DEBUG_INFORMATION_FORMAT = dwarf;
				ENABLE_STRICT_OBJC_MSGSEND = YES;
				ENABLE_TESTABILITY = YES;
				GCC_C_LANGUAGE_STANDARD = gnu99;
				GCC_DYNAMIC_NO_PIC = NO;
				GCC_NO_COMMON_BLOCKS = YES;
				GCC_OPTIMIZATION_LEVEL = 0;
				GCC_PREPROCESSOR_DEFINITIONS = (
					"DEBUG=1",
					"$(inherited)",
				);
				GCC_WARN_64_TO_32_BIT_CONVERSION = YES;
				GCC_WARN_ABOUT_RETURN_TYPE = YES_ERROR;
				GCC_WARN_UNDECLARED_SELECTOR = YES;
				GCC_WARN_UNINITIALIZED_AUTOS = YES_AGGRESSIVE;
				GCC_WARN_UNUSED_FUNCTION = YES;
				GCC_WARN_UNUSED_VARIABLE = YES;
				MACOSX_DEPLOYMENT_TARGET = 10.11;
				MTL_ENABLE_DEBUG_INFO = YES;
				ONLY_ACTIVE_ARCH = YES;
				SDKROOT = macosx;
			};
			name = Debug;
		};
		D2A640B61D92B9800089F951 /* Release */ = {
			isa = XCBuildConfiguration;
			buildSettings = {
				ALWAYS_SEARCH_USER_PATHS = NO;
				CLANG_ANALYZER_NONNULL = YES;
				CLANG_CXX_LANGUAGE_STANDARD = "gnu++0x";
				CLANG_CXX_LIBRARY = "libc++";
				CLANG_ENABLE_MODULES = YES;
				CLANG_ENABLE_OBJC_ARC = YES;
				CLANG_WARN_BOOL_CONVERSION = YES;
				CLANG_WARN_CONSTANT_CONVERSION = YES;
				CLANG_WARN_DIRECT_OBJC_ISA_USAGE = YES_ERROR;
				CLANG_WARN_DOCUMENTATION_COMMENTS = YES;
				CLANG_WARN_EMPTY_BODY = YES;
				CLANG_WARN_ENUM_CONVERSION = YES;
				CLANG_WARN_INFINITE_RECURSION = YES;
				CLANG_WARN_INT_CONVERSION = YES;
				CLANG_WARN_OBJC_ROOT_CLASS = YES_ERROR;
				CLANG_WARN_SUSPICIOUS_MOVES = YES;
				CLANG_WARN_UNREACHABLE_CODE = YES;
				CLANG_WARN__DUPLICATE_METHOD_MATCH = YES;
				CODE_SIGN_IDENTITY = "-";
				COPY_PHASE_STRIP = NO;
				DEBUG_INFORMATION_FORMAT = "dwarf-with-dsym";
				ENABLE_NS_ASSERTIONS = NO;
				ENABLE_STRICT_OBJC_MSGSEND = YES;
				GCC_C_LANGUAGE_STANDARD = gnu99;
				GCC_NO_COMMON_BLOCKS = YES;
				GCC_WARN_64_TO_32_BIT_CONVERSION = YES;
				GCC_WARN_ABOUT_RETURN_TYPE = YES_ERROR;
				GCC_WARN_UNDECLARED_SELECTOR = YES;
				GCC_WARN_UNINITIALIZED_AUTOS = YES_AGGRESSIVE;
				GCC_WARN_UNUSED_FUNCTION = YES;
				GCC_WARN_UNUSED_VARIABLE = YES;
				MACOSX_DEPLOYMENT_TARGET = 10.11;
				MTL_ENABLE_DEBUG_INFO = NO;
				SDKROOT = macosx;
			};
			name = Release;
		};
		D2A640B81D92B9800089F951 /* Debug */ = {
			isa = XCBuildConfiguration;
			buildSettings = {
				ASSETCATALOG_COMPILER_APPICON_NAME = AppIcon;
				COMBINE_HIDPI_IMAGES = YES;
				INFOPLIST_FILE = badge/Info.plist;
				LD_RUNPATH_SEARCH_PATHS = "$(inherited) @executable_path/../Frameworks";
				PRODUCT_BUNDLE_IDENTIFIER = com.hrubasko.badge;
				PRODUCT_NAME = "$(TARGET_NAME)";
			};
			name = Debug;
		};
		D2A640B91D92B9800089F951 /* Release */ = {
			isa = XCBuildConfiguration;
			buildSettings = {
				ASSETCATALOG_COMPILER_APPICON_NAME = AppIcon;
				COMBINE_HIDPI_IMAGES = YES;
				INFOPLIST_FILE = badge/Info.plist;
				LD_RUNPATH_SEARCH_PATHS = "$(inherited) @executable_path/../Frameworks";
				PRODUCT_BUNDLE_IDENTIFIER = com.hrubasko.badge;
				PRODUCT_NAME = "$(TARGET_NAME)";
			};
			name = Release;
		};
/* End XCBuildConfiguration section */

/* Begin XCConfigurationList section */
		D2A640A11D92B9800089F951 /* Build configuration list for PBXProject "badge" */ = {
			isa = XCConfigurationList;
			buildConfigurations = (
				D2A640B51D92B9800089F951 /* Debug */,
				D2A640B61D92B9800089F951 /* Release */,
			);
			defaultConfigurationIsVisible = 0;
			defaultConfigurationName = Release;
		};
		D2A640B71D92B9800089F951 /* Build configuration list for PBXNativeTarget "badge" */ = {
			isa = XCConfigurationList;
			buildConfigurations = (
				D2A640B81D92B9800089F951 /* Debug */,
				D2A640B91D92B9800089F951 /* Release */,
			);
			defaultConfigurationIsVisible = 0;
			defaultConfigurationName = Release;
		};
/* End XCConfigurationList section */
	};
	rootObject = D2A6409E1D92B9800089F951 /* Project object */;
}
